PODS:
  - Alamofire (5.0.4)
  - Moya (14.0.0):
    - Moya/Core (= 14.0.0)
  - Moya/Core (14.0.0):
    - Alamofire (~> 5.0)
  - SwiftSiriWaveformView (2.4.0)

DEPENDENCIES:
  - Moya (~> 14.0)
  - SwiftSiriWaveformView (~> 2.4)

SPEC REPOS:
  trunk:
    - Alamofire
    - Moya
    - SwiftSiriWaveformView

SPEC CHECKSUMS:
  Alamofire: 0fe5fd24b4298dc377a6550da7d5f1b30e286fcb
  Moya: 5b45dacb75adb009f97fde91c204c1e565d31916
  SwiftSiriWaveformView: baa04ed2089e854af00ea54c38a7700ca43d7ae0

PODFILE CHECKSUM: 919fc4c345fd7f35b121e35f357376849ad764fe

COCOAPODS: 1.9.1
